
Microsoft Visual Studio Solution File, Format Version 12.00
# Visual Studio Version 16
VisualStudioVersion = 16.0.31727.386
MinimumVisualStudioVersion = 10.0.40219.1
Project("{FAE04EC0-301F-11D3-BF4B-00C04F79EFBC}") = "add2numbers", "add2numbers.csproj", "{314079AC-4F5B-4492-9E7F-1DE88BE57C6C}"
EndProject
Global
	GlobalSection(SolutionConfigurationPlatforms) = preSolution
		Debug|Any CPU = Debug|Any CPU
		Release|Any CPU = Release|Any CPU
	EndGlobalSection
	GlobalSection(ProjectConfigurationPlatforms) = postSolution
		{314079AC-4F5B-4492-9E7F-1DE88BE57C6C}.Debug|Any CPU.ActiveCfg = Debug|Any CPU
		{314079AC-4F5B-4492-9E7F-1DE88BE57C6C}.Debug|Any CPU.Build.0 = Debug|Any CPU
		{314079AC-4F5B-4492-9E7F-1DE88BE57C6C}.Release|Any CPU.ActiveCfg = Release|Any CPU
		{314079AC-4F5B-4492-9E7F-1DE88BE57C6C}.Release|Any CPU.Build.0 = Release|Any CPU
	EndGlobalSection
	GlobalSection(SolutionProperties) = preSolution
		HideSolutionNode = FALSE
	EndGlobalSection
	GlobalSection(ExtensibilityGlobals) = postSolution
		SolutionGuid = {DBF3C647-9A9A-4682-A986-FAADCBAFDF6F}
	EndGlobalSection
EndGlobal
